
Microsoft Visual Studio Solution File, Format Version 12.00
Project("{FAE04EC0-301F-11D3-BF4B-00C04F79EFBC}") = "UnitTest_Lab3", "UnitTest_Lab3.csproj", "{48C0AF3C-1F3C-440E-B023-F566362EFE66}"
EndProject
Global
	GlobalSection(SolutionConfigurationPlatforms) = preSolution
		Debug|Any CPU = Debug|Any CPU
		Release|Any CPU = Release|Any CPU
	EndGlobalSection
	GlobalSection(ProjectConfigurationPlatforms) = postSolution
		{48C0AF3C-1F3C-440E-B023-F566362EFE66}.Debug|Any CPU.ActiveCfg = Debug|Any CPU
		{48C0AF3C-1F3C-440E-B023-F566362EFE66}.Debug|Any CPU.Build.0 = Debug|Any CPU
		{48C0AF3C-1F3C-440E-B023-F566362EFE66}.Release|Any CPU.ActiveCfg = Release|Any CPU
		{48C0AF3C-1F3C-440E-B023-F566362EFE66}.Release|Any CPU.Build.0 = Release|Any CPU
	EndGlobalSection
EndGlobal
